
Microsoft Visual Studio Solution File, Format Version 12.00
# Visual Studio 15
VisualStudioVersion = 15.0.27703.2018
MinimumVisualStudioVersion = 10.0.40219.1
Project("{FAE04EC0-301F-11D3-BF4B-00C04F79EFBC}") = "bem.vindo", "bem.vindo\bem.vindo.csproj", "{72E3412A-CFEE-46B2-A5BB-956C064DE2DD}"
EndProject
Project("{FAE04EC0-301F-11D3-BF4B-00C04F79EFBC}") = "GeneralDAO", "GeneralDAO\GeneralDAO.csproj", "{5EF1FD8D-3E65-42FA-9839-3E4045422EAE}"
EndProject
Project("{FAE04EC0-301F-11D3-BF4B-00C04F79EFBC}") = "bemVindo.Models", "bemVindo.Models\bemVindo.Models.csproj", "{196913A5-EDC7-42CE-8784-3F9B8F4D2A09}"
EndProject
Project("{FAE04EC0-301F-11D3-BF4B-00C04F79EFBC}") = "bem.vidno_Util", "bem.vidno.Util\bem.vidno_Util.csproj", "{4C1FB68A-2550-482F-B63F-3AC74D673D07}"
EndProject
Project("{FAE04EC0-301F-11D3-BF4B-00C04F79EFBC}") = "bem.vindo_Business", "bem.vindo_Business\bem.vindo_Business.csproj", "{96B58D58-0AC5-44B4-97EB-D4C35C05A35F}"
EndProject
Global
	GlobalSection(SolutionConfigurationPlatforms) = preSolution
		Debug|Any CPU = Debug|Any CPU
		Release|Any CPU = Release|Any CPU
	EndGlobalSection
	GlobalSection(ProjectConfigurationPlatforms) = postSolution
		{72E3412A-CFEE-46B2-A5BB-956C064DE2DD}.Debug|Any CPU.ActiveCfg = Debug|Any CPU
		{72E3412A-CFEE-46B2-A5BB-956C064DE2DD}.Debug|Any CPU.Build.0 = Debug|Any CPU
		{72E3412A-CFEE-46B2-A5BB-956C064DE2DD}.Release|Any CPU.ActiveCfg = Release|Any CPU
		{72E3412A-CFEE-46B2-A5BB-956C064DE2DD}.Release|Any CPU.Build.0 = Release|Any CPU
		{5EF1FD8D-3E65-42FA-9839-3E4045422EAE}.Debug|Any CPU.ActiveCfg = Debug|Any CPU
		{5EF1FD8D-3E65-42FA-9839-3E4045422EAE}.Debug|Any CPU.Build.0 = Debug|Any CPU
		{5EF1FD8D-3E65-42FA-9839-3E4045422EAE}.Release|Any CPU.ActiveCfg = Release|Any CPU
		{5EF1FD8D-3E65-42FA-9839-3E4045422EAE}.Release|Any CPU.Build.0 = Release|Any CPU
		{196913A5-EDC7-42CE-8784-3F9B8F4D2A09}.Debug|Any CPU.ActiveCfg = Debug|Any CPU
		{196913A5-EDC7-42CE-8784-3F9B8F4D2A09}.Debug|Any CPU.Build.0 = Debug|Any CPU
		{196913A5-EDC7-42CE-8784-3F9B8F4D2A09}.Release|Any CPU.ActiveCfg = Release|Any CPU
		{196913A5-EDC7-42CE-8784-3F9B8F4D2A09}.Release|Any CPU.Build.0 = Release|Any CPU
		{4C1FB68A-2550-482F-B63F-3AC74D673D07}.Debug|Any CPU.ActiveCfg = Debug|Any CPU
		{4C1FB68A-2550-482F-B63F-3AC74D673D07}.Debug|Any CPU.Build.0 = Debug|Any CPU
		{4C1FB68A-2550-482F-B63F-3AC74D673D07}.Release|Any CPU.ActiveCfg = Release|Any CPU
		{4C1FB68A-2550-482F-B63F-3AC74D673D07}.Release|Any CPU.Build.0 = Release|Any CPU
		{96B58D58-0AC5-44B4-97EB-D4C35C05A35F}.Debug|Any CPU.ActiveCfg = Debug|Any CPU
		{96B58D58-0AC5-44B4-97EB-D4C35C05A35F}.Debug|Any CPU.Build.0 = Debug|Any CPU
		{96B58D58-0AC5-44B4-97EB-D4C35C05A35F}.Release|Any CPU.ActiveCfg = Release|Any CPU
		{96B58D58-0AC5-44B4-97EB-D4C35C05A35F}.Release|Any CPU.Build.0 = Release|Any CPU
	EndGlobalSection
	GlobalSection(SolutionProperties) = preSolution
		HideSolutionNode = FALSE
	EndGlobalSection
	GlobalSection(ExtensibilityGlobals) = postSolution
		SolutionGuid = {21B53DB8-8247-4409-8DF3-20F7DFD82C93}
	EndGlobalSection
EndGlobal
